
Microsoft Visual Studio Solution File, Format Version 11.00
# Visual Studio 2010
Project("{FAE04EC0-301F-11D3-BF4B-00C04F79EFBC}") = "Assembly-CSharp", "Assembly-CSharp.csproj", "{ed3e892e-c1b9-f395-02d8-26f1dff83c24}"
EndProject
Project("{FAE04EC0-301F-11D3-BF4B-00C04F79EFBC}") = "Assembly-CSharp-firstpass", "Assembly-CSharp-firstpass.csproj", "{8f655140-18f5-a19f-d7c2-dd1097b24fb0}"
EndProject
Global
	GlobalSection(SolutionConfigurationPlatforms) = preSolution
		Debug|Any CPU = Debug|Any CPU
		Release|Any CPU = Release|Any CPU
	EndGlobalSection
	GlobalSection(ProjectConfigurationPlatforms) = postSolution
		{ed3e892e-c1b9-f395-02d8-26f1dff83c24}.Debug|Any CPU.ActiveCfg = Debug|Any CPU
		{ed3e892e-c1b9-f395-02d8-26f1dff83c24}.Debug|Any CPU.Build.0 = Debug|Any CPU
		{ed3e892e-c1b9-f395-02d8-26f1dff83c24}.Release|Any CPU.ActiveCfg = Release|Any CPU
		{ed3e892e-c1b9-f395-02d8-26f1dff83c24}.Release|Any CPU.Build.0 = Release|Any CPU
		{8f655140-18f5-a19f-d7c2-dd1097b24fb0}.Debug|Any CPU.ActiveCfg = Debug|Any CPU
		{8f655140-18f5-a19f-d7c2-dd1097b24fb0}.Debug|Any CPU.Build.0 = Debug|Any CPU
		{8f655140-18f5-a19f-d7c2-dd1097b24fb0}.Release|Any CPU.ActiveCfg = Release|Any CPU
		{8f655140-18f5-a19f-d7c2-dd1097b24fb0}.Release|Any CPU.Build.0 = Release|Any CPU
	EndGlobalSection
	GlobalSection(SolutionProperties) = preSolution
		HideSolutionNode = FALSE
	EndGlobalSection
EndGlobal
